
Microsoft Visual Studio Solution File, Format Version 12.00
# Visual Studio Version 17
VisualStudioVersion = 17.8.34330.188
MinimumVisualStudioVersion = 10.0.40219.1
Project("{9A19103F-16F7-4668-BE54-9A1E7A4F7556}") = "Advent2023", "Advent2023.csproj", "{64BC0FD1-0D04-45B1-BC5A-496539AFBD6C}"
EndProject
Global
	GlobalSection(SolutionConfigurationPlatforms) = preSolution
		Debug|Any CPU = Debug|Any CPU
		Release|Any CPU = Release|Any CPU
	EndGlobalSection
	GlobalSection(ProjectConfigurationPlatforms) = postSolution
		{64BC0FD1-0D04-45B1-BC5A-496539AFBD6C}.Debug|Any CPU.ActiveCfg = Debug|Any CPU
		{64BC0FD1-0D04-45B1-BC5A-496539AFBD6C}.Debug|Any CPU.Build.0 = Debug|Any CPU
		{64BC0FD1-0D04-45B1-BC5A-496539AFBD6C}.Release|Any CPU.ActiveCfg = Release|Any CPU
		{64BC0FD1-0D04-45B1-BC5A-496539AFBD6C}.Release|Any CPU.Build.0 = Release|Any CPU
	EndGlobalSection
	GlobalSection(SolutionProperties) = preSolution
		HideSolutionNode = FALSE
	EndGlobalSection
	GlobalSection(ExtensibilityGlobals) = postSolution
		SolutionGuid = {C944178D-15F7-46B1-BF38-3D6D50285E01}
	EndGlobalSection
EndGlobal
