
Microsoft Visual Studio Solution File, Format Version 12.00
# Visual Studio Version 17
VisualStudioVersion = 17.9.34728.123
MinimumVisualStudioVersion = 10.0.40219.1
Project("{FAE04EC0-301F-11D3-BF4B-00C04F79EFBC}") = "Advent2024", "Advent2024.csproj", "{7AA60BE9-79CB-4F04-BF94-0C1A3DAC1F9E}"
EndProject
Global
	GlobalSection(SolutionConfigurationPlatforms) = preSolution
		Debug|Any CPU = Debug|Any CPU
		Release|Any CPU = Release|Any CPU
	EndGlobalSection
	GlobalSection(ProjectConfigurationPlatforms) = postSolution
		{7AA60BE9-79CB-4F04-BF94-0C1A3DAC1F9E}.Debug|Any CPU.ActiveCfg = Debug|Any CPU
		{7AA60BE9-79CB-4F04-BF94-0C1A3DAC1F9E}.Debug|Any CPU.Build.0 = Debug|Any CPU
		{7AA60BE9-79CB-4F04-BF94-0C1A3DAC1F9E}.Release|Any CPU.ActiveCfg = Release|Any CPU
		{7AA60BE9-79CB-4F04-BF94-0C1A3DAC1F9E}.Release|Any CPU.Build.0 = Release|Any CPU
	EndGlobalSection
	GlobalSection(SolutionProperties) = preSolution
		HideSolutionNode = FALSE
	EndGlobalSection
	GlobalSection(ExtensibilityGlobals) = postSolution
		SolutionGuid = {F945AD8D-FF86-4998-9A89-619EF51E2DB5}
	EndGlobalSection
EndGlobal
